
Microsoft Visual Studio Solution File, Format Version 12.00
# Visual Studio Version 16
VisualStudioVersion = 16.0.30503.244
MinimumVisualStudioVersion = 10.0.40219.1
Project("{9A19103F-16F7-4668-BE54-9A1E7A4F7556}") = "Tetris", "src\Tetris\Tetris.csproj", "{4FD9CD3E-F2F2-4BF5-A9B4-524A6E516EE7}"
EndProject
Project("{2150E333-8FDC-42A3-9474-1A3956D46DE8}") = "Solution items", "Solution items", "{42AADA38-B7EB-45AC-806A-CF466B8B2CAC}"
	ProjectSection(SolutionItems) = preProject
		.editorconfig = .editorconfig
		.gitattributes = .gitattributes
		.gitignore = .gitignore
		LICENSE.md = LICENSE.md
		README.md = README.md
	EndProjectSection
EndProject
Project("{9A19103F-16F7-4668-BE54-9A1E7A4F7556}") = "Testris.Specs", "test\Testris.Specs\Testris.Specs.csproj", "{9F56E3AD-4120-4B7F-847D-EDF6C8C44B0B}"
EndProject
Project("{2150E333-8FDC-42A3-9474-1A3956D46DE8}") = "design", "design", "{38304A43-89B3-4D83-94BB-7809F3122A6C}"
	ProjectSection(SolutionItems) = preProject
		design\blocks.webp = design\blocks.webp
	EndProjectSection
EndProject
Project("{FAE04EC0-301F-11D3-BF4B-00C04F79EFBC}") = "Tetris.MonteCarlo", "src\Tetris.MonteCarlo\Tetris.MonteCarlo.csproj", "{9756B5FE-8A9A-498A-A48B-F11098F8C8E1}"
EndProject
Global
	GlobalSection(SolutionConfigurationPlatforms) = preSolution
		Debug|Any CPU = Debug|Any CPU
		Release|Any CPU = Release|Any CPU
	EndGlobalSection
	GlobalSection(ProjectConfigurationPlatforms) = postSolution
		{4FD9CD3E-F2F2-4BF5-A9B4-524A6E516EE7}.Debug|Any CPU.ActiveCfg = Debug|Any CPU
		{4FD9CD3E-F2F2-4BF5-A9B4-524A6E516EE7}.Debug|Any CPU.Build.0 = Debug|Any CPU
		{4FD9CD3E-F2F2-4BF5-A9B4-524A6E516EE7}.Release|Any CPU.ActiveCfg = Release|Any CPU
		{4FD9CD3E-F2F2-4BF5-A9B4-524A6E516EE7}.Release|Any CPU.Build.0 = Release|Any CPU
		{9F56E3AD-4120-4B7F-847D-EDF6C8C44B0B}.Debug|Any CPU.ActiveCfg = Debug|Any CPU
		{9F56E3AD-4120-4B7F-847D-EDF6C8C44B0B}.Debug|Any CPU.Build.0 = Debug|Any CPU
		{9F56E3AD-4120-4B7F-847D-EDF6C8C44B0B}.Release|Any CPU.ActiveCfg = Release|Any CPU
		{9F56E3AD-4120-4B7F-847D-EDF6C8C44B0B}.Release|Any CPU.Build.0 = Release|Any CPU
		{9756B5FE-8A9A-498A-A48B-F11098F8C8E1}.Debug|Any CPU.ActiveCfg = Debug|Any CPU
		{9756B5FE-8A9A-498A-A48B-F11098F8C8E1}.Debug|Any CPU.Build.0 = Debug|Any CPU
		{9756B5FE-8A9A-498A-A48B-F11098F8C8E1}.Release|Any CPU.ActiveCfg = Release|Any CPU
		{9756B5FE-8A9A-498A-A48B-F11098F8C8E1}.Release|Any CPU.Build.0 = Release|Any CPU
	EndGlobalSection
	GlobalSection(SolutionProperties) = preSolution
		HideSolutionNode = FALSE
	EndGlobalSection
	GlobalSection(ExtensibilityGlobals) = postSolution
		SolutionGuid = {EF18BEE8-ADAB-41DB-BFED-411AECBDDCD8}
	EndGlobalSection
EndGlobal
